// !$*UTF8*$!
{
	archiveVersion = 1;
	classes = {
	};
	objectVersion = 46;
	objects = {

/* Begin PBXBuildFile section */
		19B08E9EBEBD4684BD243E9F /* libPods-Fuel Me Up!Tests.a in Frameworks */ = {isa = PBXBuildFile; fileRef = B22F8E747F264025A04E125B /* libPods-Fuel Me Up!Tests.a */; };
		3D09B41D680CACDBDB285266 /* constants.m in Sources */ = {isa = PBXBuildFile; fileRef = 3D09B0245F743D486DBCDE40 /* constants.m */; };
		3D09B58DED571F0CBFC8366C /* FMULocation.m in Sources */ = {isa = PBXBuildFile; fileRef = 3D09B717C590A2C7CA3B2287 /* FMULocation.m */; };
		3D09B5D2E9C6A25364A3D923 /* FMURequestHandler.m in Sources */ = {isa = PBXBuildFile; fileRef = 3D09BDF796A7DCFD470AF9D3 /* FMURequestHandler.m */; };
		3D09B5E73714686AC1474487 /* FMUFilterViewController.m in Sources */ = {isa = PBXBuildFile; fileRef = 3D09BDFED05C5717D54A0998 /* FMUFilterViewController.m */; };
		3D09B94276EFDCFDCDB48EA6 /* FMUAPIClient.m in Sources */ = {isa = PBXBuildFile; fileRef = 3D09BEE211588F6D65A15F2A /* FMUAPIClient.m */; };
		3D09BFA991AC0938C32F572B /* FMURequestBuilder.m in Sources */ = {isa = PBXBuildFile; fileRef = 3D09B2F9459068F3FA18F17C /* FMURequestBuilder.m */; };
		C9FD9353B862D139AEA131A4 /* FMUMapFilter.m in Sources */ = {isa = PBXBuildFile; fileRef = C9FD9976D62CEAA4B99F652B /* FMUMapFilter.m */; };
		C9FD93F8F5B751787A848AAF /* FMUGasStation.m in Sources */ = {isa = PBXBuildFile; fileRef = C9FD9F390D20B181B0F411A6 /* FMUGasStation.m */; };
		C9FD940F47B15EE073FCD299 /* FMUMapFilter+FMUPersistence.m in Sources */ = {isa = PBXBuildFile; fileRef = C9FD9AFE83CEA3A38F8CA7AD /* FMUMapFilter+FMUPersistence.m */; };
		C9FD99319A74AC53A37989E5 /* FMUVehicle.m in Sources */ = {isa = PBXBuildFile; fileRef = C9FD987D8E128FBC83B70612 /* FMUVehicle.m */; };
		C9FD9B6EDDA22DEEBB9E7E21 /* FMUVehicle+FMUMapAdditions.m in Sources */ = {isa = PBXBuildFile; fileRef = C9FD957C9BD7D0072935E188 /* FMUVehicle+FMUMapAdditions.m */; };
		C9FD9D018C4723453CC2E4B9 /* FMUGasStation+FMUMapAdditions.m in Sources */ = {isa = PBXBuildFile; fileRef = C9FD994AEF1279FF5061B422 /* FMUGasStation+FMUMapAdditions.m */; };
		C9FD9D22F5D77D96DF6446F9 /* FMUStyle.m in Sources */ = {isa = PBXBuildFile; fileRef = C9FD92CF372A71EFA6085BF1 /* FMUStyle.m */; };
		D5F25E405C474B1FA9870D2F /* libPods-Fuel Me Up!.a in Frameworks */ = {isa = PBXBuildFile; fileRef = 0E3A0BC62B974B8B99F5CA7B /* libPods-Fuel Me Up!.a */; };
		FE6FEAC71844D8ED00185E32 /* Foundation.framework in Frameworks */ = {isa = PBXBuildFile; fileRef = FE6FEAC61844D8ED00185E32 /* Foundation.framework */; };
		FE6FEAC91844D8ED00185E32 /* CoreGraphics.framework in Frameworks */ = {isa = PBXBuildFile; fileRef = FE6FEAC81844D8ED00185E32 /* CoreGraphics.framework */; };
		FE6FEACB1844D8ED00185E32 /* UIKit.framework in Frameworks */ = {isa = PBXBuildFile; fileRef = FE6FEACA1844D8ED00185E32 /* UIKit.framework */; };
		FE6FEAE61844D8EE00185E32 /* XCTest.framework in Frameworks */ = {isa = PBXBuildFile; fileRef = FE6FEAE51844D8EE00185E32 /* XCTest.framework */; };
		FE6FEAE71844D8EE00185E32 /* Foundation.framework in Frameworks */ = {isa = PBXBuildFile; fileRef = FE6FEAC61844D8ED00185E32 /* Foundation.framework */; };
		FE6FEAE81844D8EE00185E32 /* UIKit.framework in Frameworks */ = {isa = PBXBuildFile; fileRef = FE6FEACA1844D8ED00185E32 /* UIKit.framework */; };
		FE6FEB081844D96400185E32 /* main.m in Sources */ = {isa = PBXBuildFile; fileRef = FE6FEAFE1844D96400185E32 /* main.m */; };
		FE6FEB091844D96400185E32 /* FMUAppDelegate.m in Sources */ = {isa = PBXBuildFile; fileRef = FE6FEB011844D96400185E32 /* FMUAppDelegate.m */; };
		FE6FEB0A1844D96400185E32 /* FMUMapViewController.m in Sources */ = {isa = PBXBuildFile; fileRef = FE6FEB041844D96400185E32 /* FMUMapViewController.m */; };
		FE6FEB0B1844D96400185E32 /* Images.xcassets in Resources */ = {isa = PBXBuildFile; fileRef = FE6FEB061844D96400185E32 /* Images.xcassets */; };
		FE6FEB101844DA3D00185E32 /* Fuel Me Up!Tests-Info.plist in Resources */ = {isa = PBXBuildFile; fileRef = FE6FEB0D1844DA3D00185E32 /* Fuel Me Up!Tests-Info.plist */; };
		FE6FEB111844DA3D00185E32 /* Fuel_Me_Up_Tests.m in Sources */ = {isa = PBXBuildFile; fileRef = FE6FEB0F1844DA3D00185E32 /* Fuel_Me_Up_Tests.m */; };
		FE6FEB131844FAEB00185E32 /* MapKit.framework in Frameworks */ = {isa = PBXBuildFile; fileRef = FE6FEB121844FAEB00185E32 /* MapKit.framework */; };
		FE6FEB151844FAF500185E32 /* CoreLocation.framework in Frameworks */ = {isa = PBXBuildFile; fileRef = FE6FEB141844FAF500185E32 /* CoreLocation.framework */; };
/* End PBXBuildFile section */

/* Begin PBXContainerItemProxy section */
		FE6FEAE91844D8EE00185E32 /* PBXContainerItemProxy */ = {
			isa = PBXContainerItemProxy;
			containerPortal = FE6FEABB1844D8ED00185E32 /* Project object */;
			proxyType = 1;
			remoteGlobalIDString = FE6FEAC21844D8ED00185E32;
			remoteInfo = "Fuel Me Up!";
		};
/* End PBXContainerItemProxy section */

/* Begin PBXFileReference section */
		096017CA981F4462A6C80BBE /* Pods-Fuel Me Up!Tests.xcconfig */ = {isa = PBXFileReference; includeInIndex = 1; lastKnownFileType = text.xcconfig; name = "Pods-Fuel Me Up!Tests.xcconfig"; path = "Pods/Pods-Fuel Me Up!Tests.xcconfig"; sourceTree = "<group>"; };
		0E3A0BC62B974B8B99F5CA7B /* libPods-Fuel Me Up!.a */ = {isa = PBXFileReference; explicitFileType = archive.ar; includeInIndex = 0; path = "libPods-Fuel Me Up!.a"; sourceTree = BUILT_PRODUCTS_DIR; };
		3D09B0245F743D486DBCDE40 /* constants.m */ = {isa = PBXFileReference; fileEncoding = 4; lastKnownFileType = sourcecode.c.objc; path = constants.m; sourceTree = "<group>"; };
		3D09B189326919CC90BDC51E /* FMURequestHandler.h */ = {isa = PBXFileReference; fileEncoding = 4; lastKnownFileType = sourcecode.c.h; path = FMURequestHandler.h; sourceTree = "<group>"; };
		3D09B2F9459068F3FA18F17C /* FMURequestBuilder.m */ = {isa = PBXFileReference; fileEncoding = 4; lastKnownFileType = sourcecode.c.objc; path = FMURequestBuilder.m; sourceTree = "<group>"; };
		3D09B4DE364252D5EA69C9A7 /* FMUAPIClient.h */ = {isa = PBXFileReference; fileEncoding = 4; lastKnownFileType = sourcecode.c.h; path = FMUAPIClient.h; sourceTree = "<group>"; };
		3D09B5B488261D77C01205F7 /* constants.h */ = {isa = PBXFileReference; fileEncoding = 4; lastKnownFileType = sourcecode.c.h; path = constants.h; sourceTree = "<group>"; };
		3D09B717C590A2C7CA3B2287 /* FMULocation.m */ = {isa = PBXFileReference; fileEncoding = 4; lastKnownFileType = sourcecode.c.objc; path = FMULocation.m; sourceTree = "<group>"; };
		3D09B865B893F23CE12B92EA /* FMUFilterViewController.h */ = {isa = PBXFileReference; fileEncoding = 4; lastKnownFileType = sourcecode.c.h; path = FMUFilterViewController.h; sourceTree = "<group>"; };
		3D09BA04A5D7FBB567919F44 /* FMULocation.h */ = {isa = PBXFileReference; fileEncoding = 4; lastKnownFileType = sourcecode.c.h; path = FMULocation.h; sourceTree = "<group>"; };
		3D09BDF796A7DCFD470AF9D3 /* FMURequestHandler.m */ = {isa = PBXFileReference; fileEncoding = 4; lastKnownFileType = sourcecode.c.objc; path = FMURequestHandler.m; sourceTree = "<group>"; };
		3D09BDFED05C5717D54A0998 /* FMUFilterViewController.m */ = {isa = PBXFileReference; fileEncoding = 4; lastKnownFileType = sourcecode.c.objc; path = FMUFilterViewController.m; sourceTree = "<group>"; };
		3D09BEA6BEFDD63A86500214 /* FMURequestBuilder.h */ = {isa = PBXFileReference; fileEncoding = 4; lastKnownFileType = sourcecode.c.h; path = FMURequestBuilder.h; sourceTree = "<group>"; };
		3D09BEE211588F6D65A15F2A /* FMUAPIClient.m */ = {isa = PBXFileReference; fileEncoding = 4; lastKnownFileType = sourcecode.c.objc; path = FMUAPIClient.m; sourceTree = "<group>"; };
		A256763C06DC4ECD93F4FE01 /* Pods-Fuel Me Up!.xcconfig */ = {isa = PBXFileReference; includeInIndex = 1; lastKnownFileType = text.xcconfig; name = "Pods-Fuel Me Up!.xcconfig"; path = "Pods/Pods-Fuel Me Up!.xcconfig"; sourceTree = "<group>"; };
		B22F8E747F264025A04E125B /* libPods-Fuel Me Up!Tests.a */ = {isa = PBXFileReference; explicitFileType = archive.ar; includeInIndex = 0; path = "libPods-Fuel Me Up!Tests.a"; sourceTree = BUILT_PRODUCTS_DIR; };
		C9FD91488E5E1B1300F74409 /* FMUVehicle+FMUMapAdditions.h */ = {isa = PBXFileReference; fileEncoding = 4; lastKnownFileType = sourcecode.c.h; path = "FMUVehicle+FMUMapAdditions.h"; sourceTree = "<group>"; };
		C9FD91750D6ED1C10513A341 /* FMUGasStation.h */ = {isa = PBXFileReference; fileEncoding = 4; lastKnownFileType = sourcecode.c.h; path = FMUGasStation.h; sourceTree = "<group>"; };
		C9FD92CF372A71EFA6085BF1 /* FMUStyle.m */ = {isa = PBXFileReference; fileEncoding = 4; lastKnownFileType = sourcecode.c.objc; path = FMUStyle.m; sourceTree = "<group>"; };
		C9FD957C9BD7D0072935E188 /* FMUVehicle+FMUMapAdditions.m */ = {isa = PBXFileReference; fileEncoding = 4; lastKnownFileType = sourcecode.c.objc; path = "FMUVehicle+FMUMapAdditions.m"; sourceTree = "<group>"; };
		C9FD966E570EB95583321808 /* FMUStyle.h */ = {isa = PBXFileReference; fileEncoding = 4; lastKnownFileType = sourcecode.c.h; path = FMUStyle.h; sourceTree = "<group>"; };
		C9FD987D8E128FBC83B70612 /* FMUVehicle.m */ = {isa = PBXFileReference; fileEncoding = 4; lastKnownFileType = sourcecode.c.objc; path = FMUVehicle.m; sourceTree = "<group>"; };
		C9FD994AEF1279FF5061B422 /* FMUGasStation+FMUMapAdditions.m */ = {isa = PBXFileReference; fileEncoding = 4; lastKnownFileType = sourcecode.c.objc; path = "FMUGasStation+FMUMapAdditions.m"; sourceTree = "<group>"; };
		C9FD9976D62CEAA4B99F652B /* FMUMapFilter.m */ = {isa = PBXFileReference; fileEncoding = 4; lastKnownFileType = sourcecode.c.objc; path = FMUMapFilter.m; sourceTree = "<group>"; };
		C9FD9978746B2791EF87413E /* FMUGasStation+FMUMapAdditions.h */ = {isa = PBXFileReference; fileEncoding = 4; lastKnownFileType = sourcecode.c.h; path = "FMUGasStation+FMUMapAdditions.h"; sourceTree = "<group>"; };
		C9FD9AFE83CEA3A38F8CA7AD /* FMUMapFilter+FMUPersistence.m */ = {isa = PBXFileReference; fileEncoding = 4; lastKnownFileType = sourcecode.c.objc; path = "FMUMapFilter+FMUPersistence.m"; sourceTree = "<group>"; };
		C9FD9DAA1ACA269C7F3250CC /* FMUMapFilter+FMUPersistence.h */ = {isa = PBXFileReference; fileEncoding = 4; lastKnownFileType = sourcecode.c.h; path = "FMUMapFilter+FMUPersistence.h"; sourceTree = "<group>"; };
		C9FD9E1312DBD705E964B02A /* FMUMapFilter.h */ = {isa = PBXFileReference; fileEncoding = 4; lastKnownFileType = sourcecode.c.h; path = FMUMapFilter.h; sourceTree = "<group>"; };
		C9FD9E367A0F476F42B3A7CF /* FMUVehicle.h */ = {isa = PBXFileReference; fileEncoding = 4; lastKnownFileType = sourcecode.c.h; path = FMUVehicle.h; sourceTree = "<group>"; };
		C9FD9F390D20B181B0F411A6 /* FMUGasStation.m */ = {isa = PBXFileReference; fileEncoding = 4; lastKnownFileType = sourcecode.c.objc; path = FMUGasStation.m; sourceTree = "<group>"; };
		FE6FEAC31844D8ED00185E32 /* Fuel Me Up!.app */ = {isa = PBXFileReference; explicitFileType = wrapper.application; includeInIndex = 0; path = "Fuel Me Up!.app"; sourceTree = BUILT_PRODUCTS_DIR; };
		FE6FEAC61844D8ED00185E32 /* Foundation.framework */ = {isa = PBXFileReference; lastKnownFileType = wrapper.framework; name = Foundation.framework; path = System/Library/Frameworks/Foundation.framework; sourceTree = SDKROOT; };
		FE6FEAC81844D8ED00185E32 /* CoreGraphics.framework */ = {isa = PBXFileReference; lastKnownFileType = wrapper.framework; name = CoreGraphics.framework; path = System/Library/Frameworks/CoreGraphics.framework; sourceTree = SDKROOT; };
		FE6FEACA1844D8ED00185E32 /* UIKit.framework */ = {isa = PBXFileReference; lastKnownFileType = wrapper.framework; name = UIKit.framework; path = System/Library/Frameworks/UIKit.framework; sourceTree = SDKROOT; };
		FE6FEAE41844D8EE00185E32 /* Fuel Me Up!Tests.xctest */ = {isa = PBXFileReference; explicitFileType = wrapper.cfbundle; includeInIndex = 0; path = "Fuel Me Up!Tests.xctest"; sourceTree = BUILT_PRODUCTS_DIR; };
		FE6FEAE51844D8EE00185E32 /* XCTest.framework */ = {isa = PBXFileReference; lastKnownFileType = wrapper.framework; name = XCTest.framework; path = Library/Frameworks/XCTest.framework; sourceTree = DEVELOPER_DIR; };
		FE6FEAFC1844D96400185E32 /* Fuel Me Up!-Info.plist */ = {isa = PBXFileReference; fileEncoding = 4; lastKnownFileType = text.plist.xml; path = "Fuel Me Up!-Info.plist"; sourceTree = "<group>"; };
		FE6FEAFD1844D96400185E32 /* Fuel Me Up!-Prefix.pch */ = {isa = PBXFileReference; fileEncoding = 4; lastKnownFileType = sourcecode.c.h; path = "Fuel Me Up!-Prefix.pch"; sourceTree = "<group>"; };
		FE6FEAFE1844D96400185E32 /* main.m */ = {isa = PBXFileReference; fileEncoding = 4; lastKnownFileType = sourcecode.c.objc; path = main.m; sourceTree = "<group>"; };
		FE6FEB001844D96400185E32 /* FMUAppDelegate.h */ = {isa = PBXFileReference; fileEncoding = 4; lastKnownFileType = sourcecode.c.h; path = FMUAppDelegate.h; sourceTree = "<group>"; };
		FE6FEB011844D96400185E32 /* FMUAppDelegate.m */ = {isa = PBXFileReference; fileEncoding = 4; lastKnownFileType = sourcecode.c.objc; path = FMUAppDelegate.m; sourceTree = "<group>"; };
		FE6FEB031844D96400185E32 /* FMUMapViewController.h */ = {isa = PBXFileReference; fileEncoding = 4; lastKnownFileType = sourcecode.c.h; path = FMUMapViewController.h; sourceTree = "<group>"; };
		FE6FEB041844D96400185E32 /* FMUMapViewController.m */ = {isa = PBXFileReference; fileEncoding = 4; lastKnownFileType = sourcecode.c.objc; path = FMUMapViewController.m; sourceTree = "<group>"; };
		FE6FEB061844D96400185E32 /* Images.xcassets */ = {isa = PBXFileReference; lastKnownFileType = folder.assetcatalog; path = Images.xcassets; sourceTree = "<group>"; };
		FE6FEB0D1844DA3D00185E32 /* Fuel Me Up!Tests-Info.plist */ = {isa = PBXFileReference; fileEncoding = 4; lastKnownFileType = text.plist.xml; path = "Fuel Me Up!Tests-Info.plist"; sourceTree = "<group>"; };
		FE6FEB0F1844DA3D00185E32 /* Fuel_Me_Up_Tests.m */ = {isa = PBXFileReference; fileEncoding = 4; lastKnownFileType = sourcecode.c.objc; path = Fuel_Me_Up_Tests.m; sourceTree = "<group>"; };
		FE6FEB121844FAEB00185E32 /* MapKit.framework */ = {isa = PBXFileReference; lastKnownFileType = wrapper.framework; name = MapKit.framework; path = System/Library/Frameworks/MapKit.framework; sourceTree = SDKROOT; };
		FE6FEB141844FAF500185E32 /* CoreLocation.framework */ = {isa = PBXFileReference; lastKnownFileType = wrapper.framework; name = CoreLocation.framework; path = System/Library/Frameworks/CoreLocation.framework; sourceTree = SDKROOT; };
/* End PBXFileReference section */

/* Begin PBXFrameworksBuildPhase section */
		FE6FEAC01844D8ED00185E32 /* Frameworks */ = {
			isa = PBXFrameworksBuildPhase;
			buildActionMask = 2147483647;
			files = (
				FE6FEB151844FAF500185E32 /* CoreLocation.framework in Frameworks */,
				FE6FEB131844FAEB00185E32 /* MapKit.framework in Frameworks */,
				FE6FEAC91844D8ED00185E32 /* CoreGraphics.framework in Frameworks */,
				FE6FEACB1844D8ED00185E32 /* UIKit.framework in Frameworks */,
				FE6FEAC71844D8ED00185E32 /* Foundation.framework in Frameworks */,
				D5F25E405C474B1FA9870D2F /* libPods-Fuel Me Up!.a in Frameworks */,
			);
			runOnlyForDeploymentPostprocessing = 0;
		};
		FE6FEAE11844D8EE00185E32 /* Frameworks */ = {
			isa = PBXFrameworksBuildPhase;
			buildActionMask = 2147483647;
			files = (
				FE6FEAE61844D8EE00185E32 /* XCTest.framework in Frameworks */,
				FE6FEAE81844D8EE00185E32 /* UIKit.framework in Frameworks */,
				FE6FEAE71844D8EE00185E32 /* Foundation.framework in Frameworks */,
				19B08E9EBEBD4684BD243E9F /* libPods-Fuel Me Up!Tests.a in Frameworks */,
			);
			runOnlyForDeploymentPostprocessing = 0;
		};
/* End PBXFrameworksBuildPhase section */

/* Begin PBXGroup section */
		3D09B55BFDF77FBF15D27159 /* Request handlers */ = {
			isa = PBXGroup;
			children = (
				3D09B189326919CC90BDC51E /* FMURequestHandler.h */,
				3D09BDF796A7DCFD470AF9D3 /* FMURequestHandler.m */,
			);
			path = "Request handlers";
			sourceTree = "<group>";
		};
		3D09B568205EDD1774DC9A44 /* Request builders */ = {
			isa = PBXGroup;
			children = (
				3D09B2F9459068F3FA18F17C /* FMURequestBuilder.m */,
				3D09BEA6BEFDD63A86500214 /* FMURequestBuilder.h */,
			);
			path = "Request builders";
			sourceTree = "<group>";
		};
		3D09BAF2F8BCBE3ECEEB0BAE /* Connection */ = {
			isa = PBXGroup;
			children = (
				3D09B55BFDF77FBF15D27159 /* Request handlers */,
				3D09B568205EDD1774DC9A44 /* Request builders */,
				3D09BEE211588F6D65A15F2A /* FMUAPIClient.m */,
				3D09B4DE364252D5EA69C9A7 /* FMUAPIClient.h */,
			);
			path = Connection;
			sourceTree = "<group>";
		};
		3D09BFDD2E676BDB0D7A758D /* Model */ = {
			isa = PBXGroup;
			children = (
				3D09B717C590A2C7CA3B2287 /* FMULocation.m */,
				3D09BA04A5D7FBB567919F44 /* FMULocation.h */,
				C9FD91B7D504728F8283E244 /* vehicle */,
				C9FD96166BD3C40453F3C1FD /* gasStation */,
				C9FD9813F2905C050110E06C /* filter */,
			);
			path = Model;
			sourceTree = "<group>";
		};
		C9FD91B7D504728F8283E244 /* vehicle */ = {
			isa = PBXGroup;
			children = (
				C9FD957C9BD7D0072935E188 /* FMUVehicle+FMUMapAdditions.m */,
				C9FD9E367A0F476F42B3A7CF /* FMUVehicle.h */,
				C9FD987D8E128FBC83B70612 /* FMUVehicle.m */,
				C9FD91488E5E1B1300F74409 /* FMUVehicle+FMUMapAdditions.h */,
			);
			path = vehicle;
			sourceTree = "<group>";
		};
		C9FD96166BD3C40453F3C1FD /* gasStation */ = {
			isa = PBXGroup;
			children = (
				C9FD9F390D20B181B0F411A6 /* FMUGasStation.m */,
				C9FD91750D6ED1C10513A341 /* FMUGasStation.h */,
				C9FD994AEF1279FF5061B422 /* FMUGasStation+FMUMapAdditions.m */,
				C9FD9978746B2791EF87413E /* FMUGasStation+FMUMapAdditions.h */,
			);
			path = gasStation;
			sourceTree = "<group>";
		};
		C9FD9813F2905C050110E06C /* filter */ = {
			isa = PBXGroup;
			children = (
				C9FD9E1312DBD705E964B02A /* FMUMapFilter.h */,
				C9FD9976D62CEAA4B99F652B /* FMUMapFilter.m */,
				C9FD9AFE83CEA3A38F8CA7AD /* FMUMapFilter+FMUPersistence.m */,
				C9FD9DAA1ACA269C7F3250CC /* FMUMapFilter+FMUPersistence.h */,
			);
			path = filter;
			sourceTree = "<group>";
		};
		C9FD9CA93A8D6B7835418DA8 /* Design */ = {
			isa = PBXGroup;
			children = (
				C9FD92CF372A71EFA6085BF1 /* FMUStyle.m */,
				C9FD966E570EB95583321808 /* FMUStyle.h */,
			);
			path = Design;
			sourceTree = "<group>";
		};
		FE6FEABA1844D8ED00185E32 = {
			isa = PBXGroup;
			children = (
				FE6FEACC1844D8ED00185E32 /* Fuel Me Up! */,
				FE6FEAEB1844D8EE00185E32 /* Fuel Me Up!Tests */,
				FE6FEAC51844D8ED00185E32 /* Frameworks */,
				FE6FEAC41844D8ED00185E32 /* Products */,
				A256763C06DC4ECD93F4FE01 /* Pods-Fuel Me Up!.xcconfig */,
				096017CA981F4462A6C80BBE /* Pods-Fuel Me Up!Tests.xcconfig */,
			);
			sourceTree = "<group>";
		};
		FE6FEAC41844D8ED00185E32 /* Products */ = {
			isa = PBXGroup;
			children = (
				FE6FEAC31844D8ED00185E32 /* Fuel Me Up!.app */,
				FE6FEAE41844D8EE00185E32 /* Fuel Me Up!Tests.xctest */,
			);
			name = Products;
			sourceTree = "<group>";
		};
		FE6FEAC51844D8ED00185E32 /* Frameworks */ = {
			isa = PBXGroup;
			children = (
				FE6FEB141844FAF500185E32 /* CoreLocation.framework */,
				FE6FEB121844FAEB00185E32 /* MapKit.framework */,
				FE6FEAC61844D8ED00185E32 /* Foundation.framework */,
				FE6FEAC81844D8ED00185E32 /* CoreGraphics.framework */,
				FE6FEACA1844D8ED00185E32 /* UIKit.framework */,
				FE6FEAE51844D8EE00185E32 /* XCTest.framework */,
				0E3A0BC62B974B8B99F5CA7B /* libPods-Fuel Me Up!.a */,
				B22F8E747F264025A04E125B /* libPods-Fuel Me Up!Tests.a */,
			);
			name = Frameworks;
			sourceTree = "<group>";
		};
		FE6FEACC1844D8ED00185E32 /* Fuel Me Up! */ = {
			isa = PBXGroup;
			children = (
				FE6FEAFB1844D96400185E32 /* Ancillary files */,
				FE6FEAFF1844D96400185E32 /* Classes */,
				FE6FEB051844D96400185E32 /* Resources */,
			);
			path = "Fuel Me Up!";
			sourceTree = "<group>";
		};
		FE6FEAEB1844D8EE00185E32 /* Fuel Me Up!Tests */ = {
			isa = PBXGroup;
			children = (
				FE6FEB0C1844DA3D00185E32 /* Ancillary files */,
				FE6FEB0E1844DA3D00185E32 /* Classes */,
			);
			path = "Fuel Me Up!Tests";
			sourceTree = "<group>";
		};
		FE6FEAFB1844D96400185E32 /* Ancillary files */ = {
			isa = PBXGroup;
			children = (
				FE6FEAFC1844D96400185E32 /* Fuel Me Up!-Info.plist */,
				FE6FEAFD1844D96400185E32 /* Fuel Me Up!-Prefix.pch */,
				FE6FEAFE1844D96400185E32 /* main.m */,
				3D09B0245F743D486DBCDE40 /* constants.m */,
				3D09B5B488261D77C01205F7 /* constants.h */,
			);
			path = "Ancillary files";
			sourceTree = "<group>";
		};
		FE6FEAFF1844D96400185E32 /* Classes */ = {
			isa = PBXGroup;
			children = (
				FE6FEB001844D96400185E32 /* FMUAppDelegate.h */,
				FE6FEB011844D96400185E32 /* FMUAppDelegate.m */,
				FE6FEB021844D96400185E32 /* View controllers */,
				3D09BAF2F8BCBE3ECEEB0BAE /* Connection */,
				3D09BFDD2E676BDB0D7A758D /* Model */,
				C9FD9CA93A8D6B7835418DA8 /* Design */,
			);
			path = Classes;
			sourceTree = "<group>";
		};
		FE6FEB021844D96400185E32 /* View controllers */ = {
			isa = PBXGroup;
			children = (
				FE6FEB031844D96400185E32 /* FMUMapViewController.h */,
				FE6FEB041844D96400185E32 /* FMUMapViewController.m */,
				3D09BDFED05C5717D54A0998 /* FMUFilterViewController.m */,
				3D09B865B893F23CE12B92EA /* FMUFilterViewController.h */,
			);
			path = "View controllers";
			sourceTree = "<group>";
		};
		FE6FEB051844D96400185E32 /* Resources */ = {
			isa = PBXGroup;
			children = (
				FE6FEB061844D96400185E32 /* Images.xcassets */,
			);
			path = Resources;
			sourceTree = "<group>";
		};
		FE6FEB0C1844DA3D00185E32 /* Ancillary files */ = {
			isa = PBXGroup;
			children = (
				FE6FEB0D1844DA3D00185E32 /* Fuel Me Up!Tests-Info.plist */,
			);
			path = "Ancillary files";
			sourceTree = "<group>";
		};
		FE6FEB0E1844DA3D00185E32 /* Classes */ = {
			isa = PBXGroup;
			children = (
				FE6FEB0F1844DA3D00185E32 /* Fuel_Me_Up_Tests.m */,
			);
			path = Classes;
			sourceTree = "<group>";
		};
/* End PBXGroup section */

/* Begin PBXNativeTarget section */
		FE6FEAC21844D8ED00185E32 /* Fuel Me Up! */ = {
			isa = PBXNativeTarget;
			buildConfigurationList = FE6FEAF51844D8EE00185E32 /* Build configuration list for PBXNativeTarget "Fuel Me Up!" */;
			buildPhases = (
				6D9E9B19956544539F558C10 /* Check Pods Manifest.lock */,
				FE6FEABF1844D8ED00185E32 /* Sources */,
				FE6FEAC01844D8ED00185E32 /* Frameworks */,
				FE6FEAC11844D8ED00185E32 /* Resources */,
				C1958BAFB3374575AEF56F56 /* Copy Pods Resources */,
			);
			buildRules = (
			);
			dependencies = (
			);
			name = "Fuel Me Up!";
			productName = "Fuel Me Up!";
			productReference = FE6FEAC31844D8ED00185E32 /* Fuel Me Up!.app */;
			productType = "com.apple.product-type.application";
		};
		FE6FEAE31844D8EE00185E32 /* Fuel Me Up!Tests */ = {
			isa = PBXNativeTarget;
			buildConfigurationList = FE6FEAF81844D8EE00185E32 /* Build configuration list for PBXNativeTarget "Fuel Me Up!Tests" */;
			buildPhases = (
				7A92EE3E77FD44A6A49BDEA6 /* Check Pods Manifest.lock */,
				FE6FEAE01844D8EE00185E32 /* Sources */,
				FE6FEAE11844D8EE00185E32 /* Frameworks */,
				FE6FEAE21844D8EE00185E32 /* Resources */,
				5770FB46D4C1422EA4B97F44 /* Copy Pods Resources */,
			);
			buildRules = (
			);
			dependencies = (
				FE6FEAEA1844D8EE00185E32 /* PBXTargetDependency */,
			);
			name = "Fuel Me Up!Tests";
			productName = "Fuel Me Up!Tests";
			productReference = FE6FEAE41844D8EE00185E32 /* Fuel Me Up!Tests.xctest */;
			productType = "com.apple.product-type.bundle.unit-test";
		};
/* End PBXNativeTarget section */

/* Begin PBXProject section */
		FE6FEABB1844D8ED00185E32 /* Project object */ = {
			isa = PBXProject;
			attributes = {
				CLASSPREFIX = FMU;
				LastUpgradeCheck = 0500;
				ORGANIZATIONNAME = "Maurício Hanika";
				TargetAttributes = {
					FE6FEAE31844D8EE00185E32 = {
						TestTargetID = FE6FEAC21844D8ED00185E32 /* Fuel Me Up! */;
					};
				};
			};
			buildConfigurationList = FE6FEABE1844D8ED00185E32 /* Build configuration list for PBXProject "Fuel Me Up!" */;
			compatibilityVersion = "Xcode 3.2";
			developmentRegion = English;
			hasScannedForEncodings = 0;
			knownRegions = (
				en,
				Base,
			);
			mainGroup = FE6FEABA1844D8ED00185E32;
			productRefGroup = FE6FEAC41844D8ED00185E32 /* Products */;
			projectDirPath = "";
			projectRoot = "";
			targets = (
				FE6FEAC21844D8ED00185E32 /* Fuel Me Up! */,
				FE6FEAE31844D8EE00185E32 /* Fuel Me Up!Tests */,
			);
		};
/* End PBXProject section */

/* Begin PBXResourcesBuildPhase section */
		FE6FEAC11844D8ED00185E32 /* Resources */ = {
			isa = PBXResourcesBuildPhase;
			buildActionMask = 2147483647;
			files = (
				FE6FEB0B1844D96400185E32 /* Images.xcassets in Resources */,
			);
			runOnlyForDeploymentPostprocessing = 0;
		};
		FE6FEAE21844D8EE00185E32 /* Resources */ = {
			isa = PBXResourcesBuildPhase;
			buildActionMask = 2147483647;
			files = (
				FE6FEB101844DA3D00185E32 /* Fuel Me Up!Tests-Info.plist in Resources */,
			);
			runOnlyForDeploymentPostprocessing = 0;
		};
/* End PBXResourcesBuildPhase section */

/* Begin PBXShellScriptBuildPhase section */
		5770FB46D4C1422EA4B97F44 /* Copy Pods Resources */ = {
			isa = PBXShellScriptBuildPhase;
			buildActionMask = 2147483647;
			files = (
			);
			inputPaths = (
			);
			name = "Copy Pods Resources";
			outputPaths = (
			);
			runOnlyForDeploymentPostprocessing = 0;
			shellPath = /bin/sh;
			shellScript = "\"${SRCROOT}/Pods/Pods-Fuel Me Up!Tests-resources.sh\"\n";
			showEnvVarsInLog = 0;
		};
		6D9E9B19956544539F558C10 /* Check Pods Manifest.lock */ = {
			isa = PBXShellScriptBuildPhase;
			buildActionMask = 2147483647;
			files = (
			);
			inputPaths = (
			);
			name = "Check Pods Manifest.lock";
			outputPaths = (
			);
			runOnlyForDeploymentPostprocessing = 0;
			shellPath = /bin/sh;
			shellScript = "diff \"${PODS_ROOT}/../Podfile.lock\" \"${PODS_ROOT}/Manifest.lock\" > /dev/null\nif [[ $? != 0 ]] ; then\n    cat << EOM\nerror: The sandbox is not in sync with the Podfile.lock. Run 'pod install' or update your CocoaPods installation.\nEOM\n    exit 1\nfi\n";
			showEnvVarsInLog = 0;
		};
		7A92EE3E77FD44A6A49BDEA6 /* Check Pods Manifest.lock */ = {
			isa = PBXShellScriptBuildPhase;
			buildActionMask = 2147483647;
			files = (
			);
			inputPaths = (
			);
			name = "Check Pods Manifest.lock";
			outputPaths = (
			);
			runOnlyForDeploymentPostprocessing = 0;
			shellPath = /bin/sh;
			shellScript = "diff \"${PODS_ROOT}/../Podfile.lock\" \"${PODS_ROOT}/Manifest.lock\" > /dev/null\nif [[ $? != 0 ]] ; then\n    cat << EOM\nerror: The sandbox is not in sync with the Podfile.lock. Run 'pod install' or update your CocoaPods installation.\nEOM\n    exit 1\nfi\n";
			showEnvVarsInLog = 0;
		};
		C1958BAFB3374575AEF56F56 /* Copy Pods Resources */ = {
			isa = PBXShellScriptBuildPhase;
			buildActionMask = 2147483647;
			files = (
			);
			inputPaths = (
			);
			name = "Copy Pods Resources";
			outputPaths = (
			);
			runOnlyForDeploymentPostprocessing = 0;
			shellPath = /bin/sh;
			shellScript = "\"${SRCROOT}/Pods/Pods-Fuel Me Up!-resources.sh\"\n";
			showEnvVarsInLog = 0;
		};
/* End PBXShellScriptBuildPhase section */

/* Begin PBXSourcesBuildPhase section */
		FE6FEABF1844D8ED00185E32 /* Sources */ = {
			isa = PBXSourcesBuildPhase;
			buildActionMask = 2147483647;
			files = (
				FE6FEB0A1844D96400185E32 /* FMUMapViewController.m in Sources */,
				FE6FEB081844D96400185E32 /* main.m in Sources */,
				FE6FEB091844D96400185E32 /* FMUAppDelegate.m in Sources */,
				3D09B5D2E9C6A25364A3D923 /* FMURequestHandler.m in Sources */,
				3D09BFA991AC0938C32F572B /* FMURequestBuilder.m in Sources */,
				3D09B94276EFDCFDCDB48EA6 /* FMUAPIClient.m in Sources */,
				3D09B58DED571F0CBFC8366C /* FMULocation.m in Sources */,
				3D09B5E73714686AC1474487 /* FMUFilterViewController.m in Sources */,
				3D09B41D680CACDBDB285266 /* constants.m in Sources */,
				C9FD9B6EDDA22DEEBB9E7E21 /* FMUVehicle+FMUMapAdditions.m in Sources */,
				C9FD99319A74AC53A37989E5 /* FMUVehicle.m in Sources */,
				C9FD93F8F5B751787A848AAF /* FMUGasStation.m in Sources */,
				C9FD9353B862D139AEA131A4 /* FMUMapFilter.m in Sources */,
				C9FD940F47B15EE073FCD299 /* FMUMapFilter+FMUPersistence.m in Sources */,
				C9FD9D018C4723453CC2E4B9 /* FMUGasStation+FMUMapAdditions.m in Sources */,
				C9FD9D22F5D77D96DF6446F9 /* FMUStyle.m in Sources */,
			);
			runOnlyForDeploymentPostprocessing = 0;
		};
		FE6FEAE01844D8EE00185E32 /* Sources */ = {
			isa = PBXSourcesBuildPhase;
			buildActionMask = 2147483647;
			files = (
				FE6FEB111844DA3D00185E32 /* Fuel_Me_Up_Tests.m in Sources */,
			);
			runOnlyForDeploymentPostprocessing = 0;
		};
/* End PBXSourcesBuildPhase section */

/* Begin PBXTargetDependency section */
		FE6FEAEA1844D8EE00185E32 /* PBXTargetDependency */ = {
			isa = PBXTargetDependency;
			target = FE6FEAC21844D8ED00185E32 /* Fuel Me Up! */;
			targetProxy = FE6FEAE91844D8EE00185E32 /* PBXContainerItemProxy */;
		};
/* End PBXTargetDependency section */

/* Begin XCBuildConfiguration section */
		FE6FEAF31844D8EE00185E32 /* Debug */ = {
			isa = XCBuildConfiguration;
			buildSettings = {
				ALWAYS_SEARCH_USER_PATHS = NO;
				ARCHS = "$(ARCHS_STANDARD_INCLUDING_64_BIT)";
				CLANG_CXX_LANGUAGE_STANDARD = "gnu++0x";
				CLANG_CXX_LIBRARY = "libc++";
				CLANG_ENABLE_MODULES = YES;
				CLANG_ENABLE_OBJC_ARC = YES;
				CLANG_WARN_BOOL_CONVERSION = YES;
				CLANG_WARN_CONSTANT_CONVERSION = YES;
				CLANG_WARN_DIRECT_OBJC_ISA_USAGE = YES_ERROR;
				CLANG_WARN_EMPTY_BODY = YES;
				CLANG_WARN_ENUM_CONVERSION = YES;
				CLANG_WARN_INT_CONVERSION = YES;
				CLANG_WARN_OBJC_ROOT_CLASS = YES_ERROR;
				CLANG_WARN__DUPLICATE_METHOD_MATCH = YES;
				"CODE_SIGN_IDENTITY[sdk=iphoneos*]" = "iPhone Developer";
				COPY_PHASE_STRIP = NO;
				GCC_C_LANGUAGE_STANDARD = gnu99;
				GCC_DYNAMIC_NO_PIC = NO;
				GCC_OPTIMIZATION_LEVEL = 0;
				GCC_PREPROCESSOR_DEFINITIONS = (
					"DEBUG=1",
					"$(inherited)",
				);
				GCC_SYMBOLS_PRIVATE_EXTERN = NO;
				GCC_WARN_64_TO_32_BIT_CONVERSION = YES;
				GCC_WARN_ABOUT_RETURN_TYPE = YES_ERROR;
				GCC_WARN_UNDECLARED_SELECTOR = YES;
				GCC_WARN_UNINITIALIZED_AUTOS = YES;
				GCC_WARN_UNUSED_FUNCTION = YES;
				GCC_WARN_UNUSED_VARIABLE = YES;
				IPHONEOS_DEPLOYMENT_TARGET = 7.0;
				ONLY_ACTIVE_ARCH = YES;
				SDKROOT = iphoneos;
			};
			name = Debug;
		};
		FE6FEAF41844D8EE00185E32 /* Release */ = {
			isa = XCBuildConfiguration;
			buildSettings = {
				ALWAYS_SEARCH_USER_PATHS = NO;
				ARCHS = "$(ARCHS_STANDARD_INCLUDING_64_BIT)";
				CLANG_CXX_LANGUAGE_STANDARD = "gnu++0x";
				CLANG_CXX_LIBRARY = "libc++";
				CLANG_ENABLE_MODULES = YES;
				CLANG_ENABLE_OBJC_ARC = YES;
				CLANG_WARN_BOOL_CONVERSION = YES;
				CLANG_WARN_CONSTANT_CONVERSION = YES;
				CLANG_WARN_DIRECT_OBJC_ISA_USAGE = YES_ERROR;
				CLANG_WARN_EMPTY_BODY = YES;
				CLANG_WARN_ENUM_CONVERSION = YES;
				CLANG_WARN_INT_CONVERSION = YES;
				CLANG_WARN_OBJC_ROOT_CLASS = YES_ERROR;
				CLANG_WARN__DUPLICATE_METHOD_MATCH = YES;
				"CODE_SIGN_IDENTITY[sdk=iphoneos*]" = "iPhone Developer";
				COPY_PHASE_STRIP = YES;
				ENABLE_NS_ASSERTIONS = NO;
				GCC_C_LANGUAGE_STANDARD = gnu99;
				GCC_WARN_64_TO_32_BIT_CONVERSION = YES;
				GCC_WARN_ABOUT_RETURN_TYPE = YES_ERROR;
				GCC_WARN_UNDECLARED_SELECTOR = YES;
				GCC_WARN_UNINITIALIZED_AUTOS = YES;
				GCC_WARN_UNUSED_FUNCTION = YES;
				GCC_WARN_UNUSED_VARIABLE = YES;
				IPHONEOS_DEPLOYMENT_TARGET = 7.0;
				SDKROOT = iphoneos;
				VALIDATE_PRODUCT = YES;
			};
			name = Release;
		};
		FE6FEAF61844D8EE00185E32 /* Debug */ = {
			isa = XCBuildConfiguration;
			baseConfigurationReference = A256763C06DC4ECD93F4FE01 /* Pods-Fuel Me Up!.xcconfig */;
			buildSettings = {
				ASSETCATALOG_COMPILER_APPICON_NAME = AppIcon;
				ASSETCATALOG_COMPILER_LAUNCHIMAGE_NAME = LaunchImage;
				FMUHTTPBackendURL = "http://fuel-me-up.herokuapp.com/";
				GCC_PRECOMPILE_PREFIX_HEADER = YES;
				GCC_PREFIX_HEADER = "Fuel Me Up!/Ancillary files/Fuel Me Up!-Prefix.pch";
				GCC_PREPROCESSOR_DEFINITIONS = (
					"$(inherited)",
					"COCOAPODS=1",
					"FMUHTTPBackendURL=\"@\\\"${FMUHTTPBackendURL}\\\"\"",
				);
				INFOPLIST_FILE = "$(SRCROOT)/Fuel Me Up!/Ancillary files/Fuel Me Up!-Info.plist";
				PRODUCT_NAME = "$(TARGET_NAME)";
				USER_HEADER_SEARCH_PATHS = "\"${PROJECT_DIR}/Pods\"/**";
				WRAPPER_EXTENSION = app;
			};
			name = Debug;
		};
		FE6FEAF71844D8EE00185E32 /* Release */ = {
			isa = XCBuildConfiguration;
			baseConfigurationReference = A256763C06DC4ECD93F4FE01 /* Pods-Fuel Me Up!.xcconfig */;
			buildSettings = {
				ASSETCATALOG_COMPILER_APPICON_NAME = AppIcon;
				ASSETCATALOG_COMPILER_LAUNCHIMAGE_NAME = LaunchImage;
				FMUHTTPBackendURL = "http://fuel-me-up.herokuapp.com/";
				GCC_PRECOMPILE_PREFIX_HEADER = YES;
				GCC_PREFIX_HEADER = "Fuel Me Up!/Ancillary files/Fuel Me Up!-Prefix.pch";
				GCC_PREPROCESSOR_DEFINITIONS = (
					"$(inherited)",
					"COCOAPODS=1",
					"FMUHTTPBackendURL=\"@\\\"${FMUHTTPBackendURL}\\\"\"",
				);
				INFOPLIST_FILE = "$(SRCROOT)/Fuel Me Up!/Ancillary files/Fuel Me Up!-Info.plist";
				PRODUCT_NAME = "$(TARGET_NAME)";
				USER_HEADER_SEARCH_PATHS = "\"${PROJECT_DIR}/Pods\"/**";
				WRAPPER_EXTENSION = app;
			};
			name = Release;
		};
		FE6FEAF91844D8EE00185E32 /* Debug */ = {
			isa = XCBuildConfiguration;
			baseConfigurationReference = 096017CA981F4462A6C80BBE /* Pods-Fuel Me Up!Tests.xcconfig */;
			buildSettings = {
				ARCHS = "$(ARCHS_STANDARD_INCLUDING_64_BIT)";
				BUNDLE_LOADER = "$(BUILT_PRODUCTS_DIR)/Fuel Me Up!.app/Fuel Me Up!";
				FRAMEWORK_SEARCH_PATHS = (
					"$(SDKROOT)/Developer/Library/Frameworks",
					"$(inherited)",
					"$(DEVELOPER_FRAMEWORKS_DIR)",
				);
				GCC_PRECOMPILE_PREFIX_HEADER = YES;
				GCC_PREFIX_HEADER = "Fuel Me Up!/Fuel Me Up!-Prefix.pch";
				GCC_PREPROCESSOR_DEFINITIONS = (
					"DEBUG=1",
					"$(inherited)",
				);
				INFOPLIST_FILE = "Fuel Me Up!Tests/Ancillary files/Fuel Me Up!Tests-Info.plist";
				PRODUCT_NAME = "$(TARGET_NAME)";
				TEST_HOST = "$(BUNDLE_LOADER)";
				WRAPPER_EXTENSION = xctest;
			};
			name = Debug;
		};
		FE6FEAFA1844D8EE00185E32 /* Release */ = {
			isa = XCBuildConfiguration;
			baseConfigurationReference = 096017CA981F4462A6C80BBE /* Pods-Fuel Me Up!Tests.xcconfig */;
			buildSettings = {
				ARCHS = "$(ARCHS_STANDARD_INCLUDING_64_BIT)";
				BUNDLE_LOADER = "$(BUILT_PRODUCTS_DIR)/Fuel Me Up!.app/Fuel Me Up!";
				FRAMEWORK_SEARCH_PATHS = (
					"$(SDKROOT)/Developer/Library/Frameworks",
					"$(inherited)",
					"$(DEVELOPER_FRAMEWORKS_DIR)",
				);
				GCC_PRECOMPILE_PREFIX_HEADER = YES;
				GCC_PREFIX_HEADER = "Fuel Me Up!/Fuel Me Up!-Prefix.pch";
				INFOPLIST_FILE = "Fuel Me Up!Tests/Ancillary files/Fuel Me Up!Tests-Info.plist";
				PRODUCT_NAME = "$(TARGET_NAME)";
				TEST_HOST = "$(BUNDLE_LOADER)";
				WRAPPER_EXTENSION = xctest;
			};
			name = Release;
		};
/* End XCBuildConfiguration section */

/* Begin XCConfigurationList section */
		FE6FEABE1844D8ED00185E32 /* Build configuration list for PBXProject "Fuel Me Up!" */ = {
			isa = XCConfigurationList;
			buildConfigurations = (
				FE6FEAF31844D8EE00185E32 /* Debug */,
				FE6FEAF41844D8EE00185E32 /* Release */,
			);
			defaultConfigurationIsVisible = 0;
			defaultConfigurationName = Release;
		};
		FE6FEAF51844D8EE00185E32 /* Build configuration list for PBXNativeTarget "Fuel Me Up!" */ = {
			isa = XCConfigurationList;
			buildConfigurations = (
				FE6FEAF61844D8EE00185E32 /* Debug */,
				FE6FEAF71844D8EE00185E32 /* Release */,
			);
			defaultConfigurationIsVisible = 0;
			defaultConfigurationName = Release;
		};
		FE6FEAF81844D8EE00185E32 /* Build configuration list for PBXNativeTarget "Fuel Me Up!Tests" */ = {
			isa = XCConfigurationList;
			buildConfigurations = (
				FE6FEAF91844D8EE00185E32 /* Debug */,
				FE6FEAFA1844D8EE00185E32 /* Release */,
			);
			defaultConfigurationIsVisible = 0;
			defaultConfigurationName = Release;
		};
/* End XCConfigurationList section */
	};
	rootObject = FE6FEABB1844D8ED00185E32 /* Project object */;
}
